
Microsoft Visual Studio Solution File, Format Version 12.00
# Visual Studio Version 16
VisualStudioVersion = 16.0.30104.148
MinimumVisualStudioVersion = 10.0.40219.1
Project("{FAE04EC0-301F-11D3-BF4B-00C04F79EFBC}") = "GraphicEditor", "GraphicEditor\GraphicEditor.csproj", "{EE4193D7-018F-4D5F-9B5E-46F170678ABD}"
EndProject
Global
	GlobalSection(SolutionConfigurationPlatforms) = preSolution
		Debug|Any CPU = Debug|Any CPU
		Release|Any CPU = Release|Any CPU
	EndGlobalSection
	GlobalSection(ProjectConfigurationPlatforms) = postSolution
		{EE4193D7-018F-4D5F-9B5E-46F170678ABD}.Debug|Any CPU.ActiveCfg = Debug|Any CPU
		{EE4193D7-018F-4D5F-9B5E-46F170678ABD}.Debug|Any CPU.Build.0 = Debug|Any CPU
		{EE4193D7-018F-4D5F-9B5E-46F170678ABD}.Release|Any CPU.ActiveCfg = Release|Any CPU
		{EE4193D7-018F-4D5F-9B5E-46F170678ABD}.Release|Any CPU.Build.0 = Release|Any CPU
	EndGlobalSection
	GlobalSection(SolutionProperties) = preSolution
		HideSolutionNode = FALSE
	EndGlobalSection
	GlobalSection(ExtensibilityGlobals) = postSolution
		SolutionGuid = {90ACE3AE-D236-47D4-94C0-A8D547362BD5}
	EndGlobalSection
EndGlobal
